
Microsoft Visual Studio Solution File, Format Version 12.00
# Visual Studio Version 17
VisualStudioVersion = 17.7.34024.191
MinimumVisualStudioVersion = 10.0.40219.1
Project("{FAE04EC0-301F-11D3-BF4B-00C04F79EFBC}") = "SosaUlisesParcial", "SosaUlisesParcial\SosaUlisesParcial.csproj", "{967ADD78-6A1D-44DC-BCBF-86E11D529B4B}"
EndProject
Global
	GlobalSection(SolutionConfigurationPlatforms) = preSolution
		Debug|Any CPU = Debug|Any CPU
		Release|Any CPU = Release|Any CPU
	EndGlobalSection
	GlobalSection(ProjectConfigurationPlatforms) = postSolution
		{967ADD78-6A1D-44DC-BCBF-86E11D529B4B}.Debug|Any CPU.ActiveCfg = Debug|Any CPU
		{967ADD78-6A1D-44DC-BCBF-86E11D529B4B}.Debug|Any CPU.Build.0 = Debug|Any CPU
		{967ADD78-6A1D-44DC-BCBF-86E11D529B4B}.Release|Any CPU.ActiveCfg = Release|Any CPU
		{967ADD78-6A1D-44DC-BCBF-86E11D529B4B}.Release|Any CPU.Build.0 = Release|Any CPU
	EndGlobalSection
	GlobalSection(SolutionProperties) = preSolution
		HideSolutionNode = FALSE
	EndGlobalSection
	GlobalSection(ExtensibilityGlobals) = postSolution
		SolutionGuid = {F93D219B-19CF-464F-88F8-92D14611BB25}
	EndGlobalSection
EndGlobal
