
Microsoft Visual Studio Solution File, Format Version 12.00
# Visual Studio Version 17
VisualStudioVersion = 17.7.34024.191
MinimumVisualStudioVersion = 10.0.40219.1
Project("{2150E333-8FDC-42A3-9474-1A3956D46DE8}") = "Practicas", "Practicas", "{5F0332D9-0B28-4720-8182-D3078987565A}"
EndProject
Project("{FAE04EC0-301F-11D3-BF4B-00C04F79EFBC}") = "Ejemplo001", "Ejemplo001\Ejemplo001.csproj", "{4D7566A4-6932-460B-A1FD-E8A7947DB419}"
EndProject
Project("{FAE04EC0-301F-11D3-BF4B-00C04F79EFBC}") = "Ejemplo002", "Ejemplo002\Ejemplo002.csproj", "{5D359669-18C2-4BC2-90E5-CC771A02857A}"
EndProject
Project("{FAE04EC0-301F-11D3-BF4B-00C04F79EFBC}") = "EjemploEscritorio01", "EjemploEscritorio01\EjemploEscritorio01.csproj", "{2666151D-1C9B-47AB-9D07-0ADD79E1458F}"
EndProject
Project("{FAE04EC0-301F-11D3-BF4B-00C04F79EFBC}") = "RemisPOO", "RemisPOO\RemisPOO.csproj", "{33B694A3-408B-42F5-9CA7-815EBA9A6DC0}"
EndProject
Project("{2150E333-8FDC-42A3-9474-1A3956D46DE8}") = "PracticasEscritorio", "PracticasEscritorio", "{1EE019E9-B704-4494-8E2F-0E66EB3F97A0}"
EndProject
Project("{FAE04EC0-301F-11D3-BF4B-00C04F79EFBC}") = "Aplication00", "Aplication00\Aplication00.csproj", "{D9148FE8-F4D8-49B8-8F7E-320E1411776E}"
EndProject
Project("{FAE04EC0-301F-11D3-BF4B-00C04F79EFBC}") = "AplicacionCalculadora", "Aplicacion001\AplicacionCalculadora.csproj", "{46B26D34-8464-42A5-A68B-BA6726A9BAD5}"
EndProject
Project("{FAE04EC0-301F-11D3-BF4B-00C04F79EFBC}") = "AplicacionFormulario", "Aplicacion002\AplicacionFormulario.csproj", "{F42C893E-3230-4D25-B853-C0A492BE3ED3}"
EndProject
Project("{FAE04EC0-301F-11D3-BF4B-00C04F79EFBC}") = "PP", "PP\PP.csproj", "{0E982422-D487-4B67-ACCF-757D195CE003}"
EndProject
Project("{FAE04EC0-301F-11D3-BF4B-00C04F79EFBC}") = "PP2", "PP2\PP2.csproj", "{2DB413A5-11EA-4912-98E8-298ED8016503}"
EndProject
Project("{FAE04EC0-301F-11D3-BF4B-00C04F79EFBC}") = "PPOpti", "PPOpti\PPOpti.csproj", "{CEBD2FA2-3219-4F5C-92D7-25DA57F918D8}"
EndProject
Project("{FAE04EC0-301F-11D3-BF4B-00C04F79EFBC}") = "ListasEnlazadas", "ListasEnlazadas\ListasEnlazadas.csproj", "{AFB3EFD4-921F-4532-9FA5-8ED01E24A518}"
EndProject
Project("{FAE04EC0-301F-11D3-BF4B-00C04F79EFBC}") = "Pilas", "Pilas\Pilas.csproj", "{70C410D6-C59C-4E2A-86EE-7F42E057EEA9}"
EndProject
Project("{FAE04EC0-301F-11D3-BF4B-00C04F79EFBC}") = "Colas", "Colas\Colas.csproj", "{AD6A8BB8-12AE-4734-BA11-15DA5A760B45}"
EndProject
Project("{FAE04EC0-301F-11D3-BF4B-00C04F79EFBC}") = "ListasEnlazadasEJ01", "ListasEnlazadasEJ01\ListasEnlazadasEJ01.csproj", "{3DF7220F-25A8-4AB4-95A4-384CCA1A3D2F}"
EndProject
Project("{FAE04EC0-301F-11D3-BF4B-00C04F79EFBC}") = "ListasEnlazadasEJ02", "ListasEnlazadasEJ02\ListasEnlazadasEJ02.csproj", "{C5E13F0A-5D1F-42EF-B3EE-5C025285A93A}"
EndProject
Project("{FAE04EC0-301F-11D3-BF4B-00C04F79EFBC}") = "ListasEnlazadasEJ03", "ListasEnlazadasEJ03\ListasEnlazadasEJ03.csproj", "{7A85F81A-EB34-4597-9A55-950063BC9A30}"
EndProject
Project("{FAE04EC0-301F-11D3-BF4B-00C04F79EFBC}") = "PilasEJ01", "PilasEJ01\PilasEJ01.csproj", "{8E02ECC0-4443-4C01-A87A-C2616B3CCF3E}"
EndProject
Project("{FAE04EC0-301F-11D3-BF4B-00C04F79EFBC}") = "PilasEJ02", "PilasEJ02\PilasEJ02.csproj", "{BB4CF7F0-20DD-4806-A7FF-2E9167CC68DA}"
EndProject
Project("{FAE04EC0-301F-11D3-BF4B-00C04F79EFBC}") = "PilasEJ03", "PilasEJ03\PilasEJ03.csproj", "{88D68C0D-CF8C-4251-8868-C9D410C4F881}"
EndProject
Project("{FAE04EC0-301F-11D3-BF4B-00C04F79EFBC}") = "ColasEJ01", "ColasEJ01\ColasEJ01.csproj", "{1A4347E2-E20F-45D9-AE2A-22B82FF3F106}"
EndProject
Project("{FAE04EC0-301F-11D3-BF4B-00C04F79EFBC}") = "ColasEJ02", "ColasEJ02\ColasEJ02.csproj", "{DDB07D56-1269-47C9-BF9C-88E231DFA747}"
EndProject
Project("{FAE04EC0-301F-11D3-BF4B-00C04F79EFBC}") = "Arbol", "Arbol\Arbol.csproj", "{7E50C32E-B998-4356-80E4-1947D2B3837C}"
EndProject
Global
	GlobalSection(SolutionConfigurationPlatforms) = preSolution
		Debug|Any CPU = Debug|Any CPU
		Release|Any CPU = Release|Any CPU
	EndGlobalSection
	GlobalSection(ProjectConfigurationPlatforms) = postSolution
		{4D7566A4-6932-460B-A1FD-E8A7947DB419}.Debug|Any CPU.ActiveCfg = Debug|Any CPU
		{4D7566A4-6932-460B-A1FD-E8A7947DB419}.Debug|Any CPU.Build.0 = Debug|Any CPU
		{4D7566A4-6932-460B-A1FD-E8A7947DB419}.Release|Any CPU.ActiveCfg = Release|Any CPU
		{4D7566A4-6932-460B-A1FD-E8A7947DB419}.Release|Any CPU.Build.0 = Release|Any CPU
		{5D359669-18C2-4BC2-90E5-CC771A02857A}.Debug|Any CPU.ActiveCfg = Debug|Any CPU
		{5D359669-18C2-4BC2-90E5-CC771A02857A}.Debug|Any CPU.Build.0 = Debug|Any CPU
		{5D359669-18C2-4BC2-90E5-CC771A02857A}.Release|Any CPU.ActiveCfg = Release|Any CPU
		{5D359669-18C2-4BC2-90E5-CC771A02857A}.Release|Any CPU.Build.0 = Release|Any CPU
		{2666151D-1C9B-47AB-9D07-0ADD79E1458F}.Debug|Any CPU.ActiveCfg = Debug|Any CPU
		{2666151D-1C9B-47AB-9D07-0ADD79E1458F}.Debug|Any CPU.Build.0 = Debug|Any CPU
		{2666151D-1C9B-47AB-9D07-0ADD79E1458F}.Release|Any CPU.ActiveCfg = Release|Any CPU
		{2666151D-1C9B-47AB-9D07-0ADD79E1458F}.Release|Any CPU.Build.0 = Release|Any CPU
		{33B694A3-408B-42F5-9CA7-815EBA9A6DC0}.Debug|Any CPU.ActiveCfg = Debug|Any CPU
		{33B694A3-408B-42F5-9CA7-815EBA9A6DC0}.Debug|Any CPU.Build.0 = Debug|Any CPU
		{33B694A3-408B-42F5-9CA7-815EBA9A6DC0}.Release|Any CPU.ActiveCfg = Release|Any CPU
		{33B694A3-408B-42F5-9CA7-815EBA9A6DC0}.Release|Any CPU.Build.0 = Release|Any CPU
		{D9148FE8-F4D8-49B8-8F7E-320E1411776E}.Debug|Any CPU.ActiveCfg = Debug|Any CPU
		{D9148FE8-F4D8-49B8-8F7E-320E1411776E}.Debug|Any CPU.Build.0 = Debug|Any CPU
		{D9148FE8-F4D8-49B8-8F7E-320E1411776E}.Release|Any CPU.ActiveCfg = Release|Any CPU
		{D9148FE8-F4D8-49B8-8F7E-320E1411776E}.Release|Any CPU.Build.0 = Release|Any CPU
		{46B26D34-8464-42A5-A68B-BA6726A9BAD5}.Debug|Any CPU.ActiveCfg = Debug|Any CPU
		{46B26D34-8464-42A5-A68B-BA6726A9BAD5}.Debug|Any CPU.Build.0 = Debug|Any CPU
		{46B26D34-8464-42A5-A68B-BA6726A9BAD5}.Release|Any CPU.ActiveCfg = Release|Any CPU
		{46B26D34-8464-42A5-A68B-BA6726A9BAD5}.Release|Any CPU.Build.0 = Release|Any CPU
		{F42C893E-3230-4D25-B853-C0A492BE3ED3}.Debug|Any CPU.ActiveCfg = Debug|Any CPU
		{F42C893E-3230-4D25-B853-C0A492BE3ED3}.Debug|Any CPU.Build.0 = Debug|Any CPU
		{F42C893E-3230-4D25-B853-C0A492BE3ED3}.Release|Any CPU.ActiveCfg = Release|Any CPU
		{F42C893E-3230-4D25-B853-C0A492BE3ED3}.Release|Any CPU.Build.0 = Release|Any CPU
		{0E982422-D487-4B67-ACCF-757D195CE003}.Debug|Any CPU.ActiveCfg = Debug|Any CPU
		{0E982422-D487-4B67-ACCF-757D195CE003}.Debug|Any CPU.Build.0 = Debug|Any CPU
		{0E982422-D487-4B67-ACCF-757D195CE003}.Release|Any CPU.ActiveCfg = Release|Any CPU
		{0E982422-D487-4B67-ACCF-757D195CE003}.Release|Any CPU.Build.0 = Release|Any CPU
		{2DB413A5-11EA-4912-98E8-298ED8016503}.Debug|Any CPU.ActiveCfg = Debug|Any CPU
		{2DB413A5-11EA-4912-98E8-298ED8016503}.Debug|Any CPU.Build.0 = Debug|Any CPU
		{2DB413A5-11EA-4912-98E8-298ED8016503}.Release|Any CPU.ActiveCfg = Release|Any CPU
		{2DB413A5-11EA-4912-98E8-298ED8016503}.Release|Any CPU.Build.0 = Release|Any CPU
		{CEBD2FA2-3219-4F5C-92D7-25DA57F918D8}.Debug|Any CPU.ActiveCfg = Debug|Any CPU
		{CEBD2FA2-3219-4F5C-92D7-25DA57F918D8}.Debug|Any CPU.Build.0 = Debug|Any CPU
		{CEBD2FA2-3219-4F5C-92D7-25DA57F918D8}.Release|Any CPU.ActiveCfg = Release|Any CPU
		{CEBD2FA2-3219-4F5C-92D7-25DA57F918D8}.Release|Any CPU.Build.0 = Release|Any CPU
		{AFB3EFD4-921F-4532-9FA5-8ED01E24A518}.Debug|Any CPU.ActiveCfg = Debug|Any CPU
		{AFB3EFD4-921F-4532-9FA5-8ED01E24A518}.Debug|Any CPU.Build.0 = Debug|Any CPU
		{AFB3EFD4-921F-4532-9FA5-8ED01E24A518}.Release|Any CPU.ActiveCfg = Release|Any CPU
		{AFB3EFD4-921F-4532-9FA5-8ED01E24A518}.Release|Any CPU.Build.0 = Release|Any CPU
		{70C410D6-C59C-4E2A-86EE-7F42E057EEA9}.Debug|Any CPU.ActiveCfg = Debug|Any CPU
		{70C410D6-C59C-4E2A-86EE-7F42E057EEA9}.Debug|Any CPU.Build.0 = Debug|Any CPU
		{70C410D6-C59C-4E2A-86EE-7F42E057EEA9}.Release|Any CPU.ActiveCfg = Release|Any CPU
		{70C410D6-C59C-4E2A-86EE-7F42E057EEA9}.Release|Any CPU.Build.0 = Release|Any CPU
		{AD6A8BB8-12AE-4734-BA11-15DA5A760B45}.Debug|Any CPU.ActiveCfg = Debug|Any CPU
		{AD6A8BB8-12AE-4734-BA11-15DA5A760B45}.Debug|Any CPU.Build.0 = Debug|Any CPU
		{AD6A8BB8-12AE-4734-BA11-15DA5A760B45}.Release|Any CPU.ActiveCfg = Release|Any CPU
		{AD6A8BB8-12AE-4734-BA11-15DA5A760B45}.Release|Any CPU.Build.0 = Release|Any CPU
		{3DF7220F-25A8-4AB4-95A4-384CCA1A3D2F}.Debug|Any CPU.ActiveCfg = Debug|Any CPU
		{3DF7220F-25A8-4AB4-95A4-384CCA1A3D2F}.Debug|Any CPU.Build.0 = Debug|Any CPU
		{3DF7220F-25A8-4AB4-95A4-384CCA1A3D2F}.Release|Any CPU.ActiveCfg = Release|Any CPU
		{3DF7220F-25A8-4AB4-95A4-384CCA1A3D2F}.Release|Any CPU.Build.0 = Release|Any CPU
		{C5E13F0A-5D1F-42EF-B3EE-5C025285A93A}.Debug|Any CPU.ActiveCfg = Debug|Any CPU
		{C5E13F0A-5D1F-42EF-B3EE-5C025285A93A}.Debug|Any CPU.Build.0 = Debug|Any CPU
		{C5E13F0A-5D1F-42EF-B3EE-5C025285A93A}.Release|Any CPU.ActiveCfg = Release|Any CPU
		{C5E13F0A-5D1F-42EF-B3EE-5C025285A93A}.Release|Any CPU.Build.0 = Release|Any CPU
		{7A85F81A-EB34-4597-9A55-950063BC9A30}.Debug|Any CPU.ActiveCfg = Debug|Any CPU
		{7A85F81A-EB34-4597-9A55-950063BC9A30}.Debug|Any CPU.Build.0 = Debug|Any CPU
		{7A85F81A-EB34-4597-9A55-950063BC9A30}.Release|Any CPU.ActiveCfg = Release|Any CPU
		{7A85F81A-EB34-4597-9A55-950063BC9A30}.Release|Any CPU.Build.0 = Release|Any CPU
		{8E02ECC0-4443-4C01-A87A-C2616B3CCF3E}.Debug|Any CPU.ActiveCfg = Debug|Any CPU
		{8E02ECC0-4443-4C01-A87A-C2616B3CCF3E}.Debug|Any CPU.Build.0 = Debug|Any CPU
		{8E02ECC0-4443-4C01-A87A-C2616B3CCF3E}.Release|Any CPU.ActiveCfg = Release|Any CPU
		{8E02ECC0-4443-4C01-A87A-C2616B3CCF3E}.Release|Any CPU.Build.0 = Release|Any CPU
		{BB4CF7F0-20DD-4806-A7FF-2E9167CC68DA}.Debug|Any CPU.ActiveCfg = Debug|Any CPU
		{BB4CF7F0-20DD-4806-A7FF-2E9167CC68DA}.Debug|Any CPU.Build.0 = Debug|Any CPU
		{BB4CF7F0-20DD-4806-A7FF-2E9167CC68DA}.Release|Any CPU.ActiveCfg = Release|Any CPU
		{BB4CF7F0-20DD-4806-A7FF-2E9167CC68DA}.Release|Any CPU.Build.0 = Release|Any CPU
		{88D68C0D-CF8C-4251-8868-C9D410C4F881}.Debug|Any CPU.ActiveCfg = Debug|Any CPU
		{88D68C0D-CF8C-4251-8868-C9D410C4F881}.Debug|Any CPU.Build.0 = Debug|Any CPU
		{88D68C0D-CF8C-4251-8868-C9D410C4F881}.Release|Any CPU.ActiveCfg = Release|Any CPU
		{88D68C0D-CF8C-4251-8868-C9D410C4F881}.Release|Any CPU.Build.0 = Release|Any CPU
		{1A4347E2-E20F-45D9-AE2A-22B82FF3F106}.Debug|Any CPU.ActiveCfg = Debug|Any CPU
		{1A4347E2-E20F-45D9-AE2A-22B82FF3F106}.Debug|Any CPU.Build.0 = Debug|Any CPU
		{1A4347E2-E20F-45D9-AE2A-22B82FF3F106}.Release|Any CPU.ActiveCfg = Release|Any CPU
		{1A4347E2-E20F-45D9-AE2A-22B82FF3F106}.Release|Any CPU.Build.0 = Release|Any CPU
		{DDB07D56-1269-47C9-BF9C-88E231DFA747}.Debug|Any CPU.ActiveCfg = Debug|Any CPU
		{DDB07D56-1269-47C9-BF9C-88E231DFA747}.Debug|Any CPU.Build.0 = Debug|Any CPU
		{DDB07D56-1269-47C9-BF9C-88E231DFA747}.Release|Any CPU.ActiveCfg = Release|Any CPU
		{DDB07D56-1269-47C9-BF9C-88E231DFA747}.Release|Any CPU.Build.0 = Release|Any CPU
		{7E50C32E-B998-4356-80E4-1947D2B3837C}.Debug|Any CPU.ActiveCfg = Debug|Any CPU
		{7E50C32E-B998-4356-80E4-1947D2B3837C}.Debug|Any CPU.Build.0 = Debug|Any CPU
		{7E50C32E-B998-4356-80E4-1947D2B3837C}.Release|Any CPU.ActiveCfg = Release|Any CPU
		{7E50C32E-B998-4356-80E4-1947D2B3837C}.Release|Any CPU.Build.0 = Release|Any CPU
	EndGlobalSection
	GlobalSection(SolutionProperties) = preSolution
		HideSolutionNode = FALSE
	EndGlobalSection
	GlobalSection(NestedProjects) = preSolution
		{4D7566A4-6932-460B-A1FD-E8A7947DB419} = {5F0332D9-0B28-4720-8182-D3078987565A}
		{5D359669-18C2-4BC2-90E5-CC771A02857A} = {5F0332D9-0B28-4720-8182-D3078987565A}
		{2666151D-1C9B-47AB-9D07-0ADD79E1458F} = {5F0332D9-0B28-4720-8182-D3078987565A}
		{33B694A3-408B-42F5-9CA7-815EBA9A6DC0} = {5F0332D9-0B28-4720-8182-D3078987565A}
		{D9148FE8-F4D8-49B8-8F7E-320E1411776E} = {1EE019E9-B704-4494-8E2F-0E66EB3F97A0}
		{46B26D34-8464-42A5-A68B-BA6726A9BAD5} = {1EE019E9-B704-4494-8E2F-0E66EB3F97A0}
		{F42C893E-3230-4D25-B853-C0A492BE3ED3} = {1EE019E9-B704-4494-8E2F-0E66EB3F97A0}
		{0E982422-D487-4B67-ACCF-757D195CE003} = {1EE019E9-B704-4494-8E2F-0E66EB3F97A0}
		{2DB413A5-11EA-4912-98E8-298ED8016503} = {1EE019E9-B704-4494-8E2F-0E66EB3F97A0}
		{CEBD2FA2-3219-4F5C-92D7-25DA57F918D8} = {1EE019E9-B704-4494-8E2F-0E66EB3F97A0}
		{AFB3EFD4-921F-4532-9FA5-8ED01E24A518} = {1EE019E9-B704-4494-8E2F-0E66EB3F97A0}
		{70C410D6-C59C-4E2A-86EE-7F42E057EEA9} = {1EE019E9-B704-4494-8E2F-0E66EB3F97A0}
		{AD6A8BB8-12AE-4734-BA11-15DA5A760B45} = {1EE019E9-B704-4494-8E2F-0E66EB3F97A0}
		{3DF7220F-25A8-4AB4-95A4-384CCA1A3D2F} = {1EE019E9-B704-4494-8E2F-0E66EB3F97A0}
		{C5E13F0A-5D1F-42EF-B3EE-5C025285A93A} = {1EE019E9-B704-4494-8E2F-0E66EB3F97A0}
		{7A85F81A-EB34-4597-9A55-950063BC9A30} = {1EE019E9-B704-4494-8E2F-0E66EB3F97A0}
		{8E02ECC0-4443-4C01-A87A-C2616B3CCF3E} = {1EE019E9-B704-4494-8E2F-0E66EB3F97A0}
		{BB4CF7F0-20DD-4806-A7FF-2E9167CC68DA} = {1EE019E9-B704-4494-8E2F-0E66EB3F97A0}
		{88D68C0D-CF8C-4251-8868-C9D410C4F881} = {1EE019E9-B704-4494-8E2F-0E66EB3F97A0}
		{1A4347E2-E20F-45D9-AE2A-22B82FF3F106} = {1EE019E9-B704-4494-8E2F-0E66EB3F97A0}
		{DDB07D56-1269-47C9-BF9C-88E231DFA747} = {1EE019E9-B704-4494-8E2F-0E66EB3F97A0}
		{7E50C32E-B998-4356-80E4-1947D2B3837C} = {1EE019E9-B704-4494-8E2F-0E66EB3F97A0}
	EndGlobalSection
	GlobalSection(ExtensibilityGlobals) = postSolution
		SolutionGuid = {809F4514-F5E6-4120-85FB-DAB549F80A2D}
	EndGlobalSection
EndGlobal
